
Microsoft Visual Studio Solution File, Format Version 12.00
# Visual Studio Version 16
VisualStudioVersion = 16.0.30413.136
MinimumVisualStudioVersion = 10.0.40219.1
Project("{FAE04EC0-301F-11D3-BF4B-00C04F79EFBC}") = "Financeiro.WebApi", "Financeiro.WebApi\Financeiro.WebApi.csproj", "{42CC19C3-98A6-4FA9-85B8-C600F491B726}"
EndProject
Global
	GlobalSection(SolutionConfigurationPlatforms) = preSolution
		Debug|Any CPU = Debug|Any CPU
		Release|Any CPU = Release|Any CPU
	EndGlobalSection
	GlobalSection(ProjectConfigurationPlatforms) = postSolution
		{42CC19C3-98A6-4FA9-85B8-C600F491B726}.Debug|Any CPU.ActiveCfg = Debug|Any CPU
		{42CC19C3-98A6-4FA9-85B8-C600F491B726}.Debug|Any CPU.Build.0 = Debug|Any CPU
		{42CC19C3-98A6-4FA9-85B8-C600F491B726}.Release|Any CPU.ActiveCfg = Release|Any CPU
		{42CC19C3-98A6-4FA9-85B8-C600F491B726}.Release|Any CPU.Build.0 = Release|Any CPU
	EndGlobalSection
	GlobalSection(SolutionProperties) = preSolution
		HideSolutionNode = FALSE
	EndGlobalSection
	GlobalSection(ExtensibilityGlobals) = postSolution
		SolutionGuid = {D43E2E3D-AA51-44A2-A773-B4E380273035}
	EndGlobalSection
EndGlobal
